
Microsoft Visual Studio Solution File, Format Version 11.00
# Visual Studio 2010
Project("{FAE04EC0-301F-11D3-BF4B-00C04F79EFBC}") = "Assembly-CSharp", "Assembly-CSharp.csproj", "{AA468572-2162-B83E-192C-E9B46629EB3E}"
EndProject
Project("{FAE04EC0-301F-11D3-BF4B-00C04F79EFBC}") = "Assembly-CSharp-Editor", "Assembly-CSharp-Editor.csproj", "{200B5C69-CA46-0043-65EC-94719AAAC1DC}"
EndProject
Global
	GlobalSection(SolutionConfigurationPlatforms) = preSolution
		Debug|Any CPU = Debug|Any CPU
		Release|Any CPU = Release|Any CPU
	EndGlobalSection
	GlobalSection(ProjectConfigurationPlatforms) = postSolution
		{AA468572-2162-B83E-192C-E9B46629EB3E}.Debug|Any CPU.ActiveCfg = Debug|Any CPU
		{AA468572-2162-B83E-192C-E9B46629EB3E}.Debug|Any CPU.Build.0 = Debug|Any CPU
		{AA468572-2162-B83E-192C-E9B46629EB3E}.Release|Any CPU.ActiveCfg = Release|Any CPU
		{AA468572-2162-B83E-192C-E9B46629EB3E}.Release|Any CPU.Build.0 = Release|Any CPU
		{200B5C69-CA46-0043-65EC-94719AAAC1DC}.Debug|Any CPU.ActiveCfg = Debug|Any CPU
		{200B5C69-CA46-0043-65EC-94719AAAC1DC}.Debug|Any CPU.Build.0 = Debug|Any CPU
		{200B5C69-CA46-0043-65EC-94719AAAC1DC}.Release|Any CPU.ActiveCfg = Release|Any CPU
		{200B5C69-CA46-0043-65EC-94719AAAC1DC}.Release|Any CPU.Build.0 = Release|Any CPU
	EndGlobalSection
	GlobalSection(SolutionProperties) = preSolution
		HideSolutionNode = FALSE
	EndGlobalSection
	GlobalSection(MonoDevelopProperties) = preSolution
		StartupItem = Assembly-CSharp.csproj
	EndGlobalSection
EndGlobal
